
Microsoft Visual Studio Solution File, Format Version 12.00
# Visual Studio Version 17
VisualStudioVersion = 17.8.34511.84
MinimumVisualStudioVersion = 10.0.40219.1
Project("{FAE04EC0-301F-11D3-BF4B-00C04F79EFBC}") = "CloudPart1", "CloudPart1\CloudPart1.csproj", "{6C745275-8D93-47C8-85F4-F6D7930CA549}"
EndProject
Global
	GlobalSection(SolutionConfigurationPlatforms) = preSolution
		Debug|Any CPU = Debug|Any CPU
		Release|Any CPU = Release|Any CPU
	EndGlobalSection
	GlobalSection(ProjectConfigurationPlatforms) = postSolution
		{6C745275-8D93-47C8-85F4-F6D7930CA549}.Debug|Any CPU.ActiveCfg = Debug|Any CPU
		{6C745275-8D93-47C8-85F4-F6D7930CA549}.Debug|Any CPU.Build.0 = Debug|Any CPU
		{6C745275-8D93-47C8-85F4-F6D7930CA549}.Release|Any CPU.ActiveCfg = Release|Any CPU
		{6C745275-8D93-47C8-85F4-F6D7930CA549}.Release|Any CPU.Build.0 = Release|Any CPU
	EndGlobalSection
	GlobalSection(SolutionProperties) = preSolution
		HideSolutionNode = FALSE
	EndGlobalSection
	GlobalSection(ExtensibilityGlobals) = postSolution
		SolutionGuid = {3B386B21-632E-439C-97DE-AB1670AC474A}
	EndGlobalSection
EndGlobal
